{
  "object": {
    "pins": [
      {
        "package": "DSFAppearanceManager",
        "repositoryURL": "https://github.com/dagronf/DSFAppearanceManager",
        "state": {
          "branch": null,
          "revision": "676cfd4e6aaa3cf6422990734c22544373db5c1a",
          "version": "3.3.0"
        }
      },
      {
        "package": "DSFMenuBuilder",
        "repositoryURL": "https://github.com/dagronf/DSFMenuBuilder",
        "state": {
          "branch": null,
          "revision": "ee63826ab3833a763fa9629c20e00f9f1f6f6407",
          "version": "1.2.0"
        }
      },
      {
        "package": "DSFPagerControl",
        "repositoryURL": "https://github.com/dagronf/DSFPagerControl",
        "state": {
          "branch": null,
          "revision": "9fce788ab0d05d51999f39a03121f759a025c7f0",
          "version": "2.2.0"
        }
      },
      {
        "package": "DSFValueBinders",
        "repositoryURL": "https://github.com/dagronf/DSFValueBinders",
        "state": {
          "branch": null,
          "revision": "dc09e2a5b2b52f349d5b6f4d76caf4dc9338901f",
          "version": "0.7.2"
        }
      }
    ]
  },
  "version": 1
}
