{
  "object": {
    "pins": [
      {
        "package": "DSFAppKitBuilder",
        "repositoryURL": "https://github.com/dagronf/DSFAppKitBuilder",
        "state": {
          "branch": null,
          "revision": "e9aaa3a3410378a655b298fca674970cceba3857",
          "version": "0.2.2"
        }
      }
    ]
  },
  "version": 1
}
