{
  "object": {
    "pins": [
      {
        "package": "DSFAppKitBuilder",
        "repositoryURL": "https://github.com/dagronf/DSFAppKitBuilder",
        "state": {
          "branch": null,
          "revision": "4d255273e162706bfd163f6ab66b9b812c9cfb23",
          "version": "0.2.1"
        }
      }
    ]
  },
  "version": 1
}
