{
  "object": {
    "pins": [
      {
        "package": "DSFAppearanceManager",
        "repositoryURL": "https://github.com/dagronf/DSFAppearanceManager",
        "state": {
          "branch": null,
          "revision": "c1578428cc17060e2e0375b4b1334815c579ad8e",
          "version": "3.0.1"
        }
      },
      {
        "package": "DSFMenuBuilder",
        "repositoryURL": "https://github.com/dagronf/DSFMenuBuilder",
        "state": {
          "branch": null,
          "revision": "5690d98c48900c502b9e95de7b74d18ee80e2efd",
          "version": "1.0.2"
        }
      },
      {
        "package": "DSFPagerControl",
        "repositoryURL": "https://github.com/dagronf/DSFPagerControl",
        "state": {
          "branch": null,
          "revision": "de6a60005796da835c8081398209e459a6e8fe1e",
          "version": "2.1.0"
        }
      },
      {
        "package": "DSFValueBinders",
        "repositoryURL": "https://github.com/dagronf/DSFValueBinders",
        "state": {
          "branch": null,
          "revision": "dc09e2a5b2b52f349d5b6f4d76caf4dc9338901f",
          "version": "0.7.2"
        }
      }
    ]
  },
  "version": 1
}
