{
  "object": {
    "pins": [
      {
        "package": "DSFAppearanceManager",
        "repositoryURL": "https://github.com/dagronf/DSFAppearanceManager",
        "state": {
          "branch": null,
          "revision": "676cfd4e6aaa3cf6422990734c22544373db5c1a",
          "version": "3.3.0"
        }
      },
      {
        "package": "DSFComboButton",
        "repositoryURL": "https://github.com/dagronf/DSFComboButton",
        "state": {
          "branch": null,
          "revision": "675b8c13e0db5a759a6b757b09f7e18768830f29",
          "version": "1.0.0"
        }
      },
      {
        "package": "DSFMenuBuilder",
        "repositoryURL": "https://github.com/dagronf/DSFMenuBuilder",
        "state": {
          "branch": null,
          "revision": "7f8f8ee0c5fb7ee6c06d057cd5ada0f99e3d3190",
          "version": "1.2.1"
        }
      },
      {
        "package": "DSFPagerControl",
        "repositoryURL": "https://github.com/dagronf/DSFPagerControl",
        "state": {
          "branch": null,
          "revision": "9fce788ab0d05d51999f39a03121f759a025c7f0",
          "version": "2.2.0"
        }
      },
      {
        "package": "DSFToggleButton",
        "repositoryURL": "https://github.com/dagronf/DSFToggleButton",
        "state": {
          "branch": null,
          "revision": "17e140dc686e3622bba7a8b6a68495338c293b59",
          "version": "7.0.0"
        }
      },
      {
        "package": "DSFValueBinders",
        "repositoryURL": "https://github.com/dagronf/DSFValueBinders",
        "state": {
          "branch": null,
          "revision": "1cedd5760b0c2c3abff94e65c7af938206d9cdb8",
          "version": "0.9.1"
        }
      }
    ]
  },
  "version": 1
}
