// !$*UTF8*$!
{
	archiveVersion = 1;
	classes = {
	};
	objectVersion = 53;
	objects = {

/* Begin PBXAggregateTarget section */
		23D7C020297785FF0018CDF2 /* Build All Demos */ = {
			isa = PBXAggregateTarget;
			buildConfigurationList = 23D7C021297785FF0018CDF2 /* Build configuration list for PBXAggregateTarget "Build All Demos" */;
			buildPhases = (
			);
			dependencies = (
				23D7C027297786090018CDF2 /* PBXTargetDependency */,
				23D7C025297786090018CDF2 /* PBXTargetDependency */,
				23D7C029297786090018CDF2 /* PBXTargetDependency */,
				23513C74298E277900CDBE36 /* PBXTargetDependency */,
			);
			name = "Build All Demos";
			productName = "Build All Demos";
		};
/* End PBXAggregateTarget section */

/* Begin PBXBuildFile section */
		2304027926AF7E5F002016FD /* AppDelegate.swift in Sources */ = {isa = PBXBuildFile; fileRef = 2304027826AF7E5F002016FD /* AppDelegate.swift */; };
		2304027B26AF7E5F002016FD /* ViewController.swift in Sources */ = {isa = PBXBuildFile; fileRef = 2304027A26AF7E5F002016FD /* ViewController.swift */; };
		2304027D26AF7E60002016FD /* Assets.xcassets in Resources */ = {isa = PBXBuildFile; fileRef = 2304027C26AF7E60002016FD /* Assets.xcassets */; };
		2304028026AF7E60002016FD /* Main.storyboard in Resources */ = {isa = PBXBuildFile; fileRef = 2304027E26AF7E60002016FD /* Main.storyboard */; };
		2304028B26AF7EFB002016FD /* Utilities.swift in Sources */ = {isa = PBXBuildFile; fileRef = 2304028A26AF7EFB002016FD /* Utilities.swift */; };
		23063A6126DC69DE00AC7715 /* WindowPopoverSheetDSL.swift in Sources */ = {isa = PBXBuildFile; fileRef = 23063A6026DC69DE00AC7715 /* WindowPopoverSheetDSL.swift */; };
		2314B32B26AFB816003BAA0C /* DSFAppKitBuilder in Frameworks */ = {isa = PBXBuildFile; productRef = 2314B32A26AFB816003BAA0C /* DSFAppKitBuilder */; };
		2314B32D26AFD71C003BAA0C /* SecondaryDSL.swift in Sources */ = {isa = PBXBuildFile; fileRef = 2314B32C26AFD71C003BAA0C /* SecondaryDSL.swift */; };
		2324632626C11A2800FF3158 /* ZStackDSL.swift in Sources */ = {isa = PBXBuildFile; fileRef = 2324632526C11A2800FF3158 /* ZStackDSL.swift */; };
		2327F3BC28B34CB000875739 /* AccentColorButton.swift in Sources */ = {isa = PBXBuildFile; fileRef = 2327F3BB28B34CB000875739 /* AccentColorButton.swift */; };
		232EC66126B223A30042C7F7 /* TabDSL.swift in Sources */ = {isa = PBXBuildFile; fileRef = 232EC66026B223A30042C7F7 /* TabDSL.swift */; };
		232EC66326B223C40042C7F7 /* SplitDSL.swift in Sources */ = {isa = PBXBuildFile; fileRef = 232EC66226B223C40042C7F7 /* SplitDSL.swift */; };
		234AEF332974E58B00758E6A /* TertiaryDSL.swift in Sources */ = {isa = PBXBuildFile; fileRef = 234AEF322974E58A00758E6A /* TertiaryDSL.swift */; };
		2351367C26B3DAAE0026EAA1 /* BoxDSL.swift in Sources */ = {isa = PBXBuildFile; fileRef = 2351367B26B3DAAE0026EAA1 /* BoxDSL.swift */; };
		23513C6C298DDF4D00CDBE36 /* OneOfBuilder.swift in Sources */ = {isa = PBXBuildFile; fileRef = 23513C6B298DDF4D00CDBE36 /* OneOfBuilder.swift */; };
		23513C6E298DE6DA00CDBE36 /* ToggleBuilder.swift in Sources */ = {isa = PBXBuildFile; fileRef = 23513C6D298DE6DA00CDBE36 /* ToggleBuilder.swift */; };
		23513C70298DE8AE00CDBE36 /* ColorWellBuilder.swift in Sources */ = {isa = PBXBuildFile; fileRef = 23513C6F298DE8AE00CDBE36 /* ColorWellBuilder.swift */; };
		23513C72298DEB8700CDBE36 /* PathBuilder.swift in Sources */ = {isa = PBXBuildFile; fileRef = 23513C71298DEB8700CDBE36 /* PathBuilder.swift */; };
		23513C78298E2B8800CDBE36 /* String+localized.swift in Sources */ = {isa = PBXBuildFile; fileRef = 23513C77298E2B8800CDBE36 /* String+localized.swift */; };
		23513C7A298E383000CDBE36 /* CheckboxBuilder.swift in Sources */ = {isa = PBXBuildFile; fileRef = 23513C79298E383000CDBE36 /* CheckboxBuilder.swift */; };
		235CBB2B298B99A400D3D4DE /* AppDelegate.swift in Sources */ = {isa = PBXBuildFile; fileRef = 235CBB2A298B99A400D3D4DE /* AppDelegate.swift */; };
		235CBB2D298B99A400D3D4DE /* ViewController.swift in Sources */ = {isa = PBXBuildFile; fileRef = 235CBB2C298B99A400D3D4DE /* ViewController.swift */; };
		235CBB2F298B99A500D3D4DE /* Assets.xcassets in Resources */ = {isa = PBXBuildFile; fileRef = 235CBB2E298B99A500D3D4DE /* Assets.xcassets */; };
		235CBB32298B99A500D3D4DE /* Main.storyboard in Resources */ = {isa = PBXBuildFile; fileRef = 235CBB30298B99A500D3D4DE /* Main.storyboard */; };
		235CBB38298B99C300D3D4DE /* DisclosureViewBuilder.swift in Sources */ = {isa = PBXBuildFile; fileRef = 235CBB37298B99C300D3D4DE /* DisclosureViewBuilder.swift */; };
		235CBB3A298B99D800D3D4DE /* DSFAppKitBuilder in Frameworks */ = {isa = PBXBuildFile; productRef = 235CBB39298B99D800D3D4DE /* DSFAppKitBuilder */; };
		235CBB3D298BA2AD00D3D4DE /* FontBuilder.swift in Sources */ = {isa = PBXBuildFile; fileRef = 235CBB3C298BA2AD00D3D4DE /* FontBuilder.swift */; };
		235CBB3F298C842300D3D4DE /* DatePickerBuilder.swift in Sources */ = {isa = PBXBuildFile; fileRef = 235CBB3E298C842300D3D4DE /* DatePickerBuilder.swift */; };
		235CBB41298C843500D3D4DE /* ViewTestBed.swift in Sources */ = {isa = PBXBuildFile; fileRef = 235CBB40298C843500D3D4DE /* ViewTestBed.swift */; };
		236BA6722977769900FB72C4 /* IdentityViewController.swift in Sources */ = {isa = PBXBuildFile; fileRef = 236BA6712977769900FB72C4 /* IdentityViewController.swift */; };
		237BD46226B0F54C00D94649 /* ScrollerTestDSL.swift in Sources */ = {isa = PBXBuildFile; fileRef = 237BD46126B0F54C00D94649 /* ScrollerTestDSL.swift */; };
		237E220329A07632002F3856 /* PopoverSheetBuilder.swift in Sources */ = {isa = PBXBuildFile; fileRef = 237E220229A07632002F3856 /* PopoverSheetBuilder.swift */; };
		237E220529A0C7A2002F3856 /* DSFToolbar in Frameworks */ = {isa = PBXBuildFile; productRef = 237E220429A0C7A2002F3856 /* DSFToolbar */; };
		237E74C3282C5B7E0069846A /* AppDelegate.swift in Sources */ = {isa = PBXBuildFile; fileRef = 237E74C2282C5B7E0069846A /* AppDelegate.swift */; };
		237E74C5282C5B7E0069846A /* ViewController.swift in Sources */ = {isa = PBXBuildFile; fileRef = 237E74C4282C5B7E0069846A /* ViewController.swift */; };
		237E74C7282C5B7F0069846A /* Assets.xcassets in Resources */ = {isa = PBXBuildFile; fileRef = 237E74C6282C5B7F0069846A /* Assets.xcassets */; };
		237E74CA282C5B7F0069846A /* Main.storyboard in Resources */ = {isa = PBXBuildFile; fileRef = 237E74C8282C5B7F0069846A /* Main.storyboard */; };
		237E74D0282C5BA30069846A /* DSFAppKitBuilder in Frameworks */ = {isa = PBXBuildFile; productRef = 237E74CF282C5BA30069846A /* DSFAppKitBuilder */; };
		237E74D2282C61710069846A /* BuilderViewController.swift in Sources */ = {isa = PBXBuildFile; fileRef = 237E74D1282C61710069846A /* BuilderViewController.swift */; };
		237E74D7282C73040069846A /* Defaults in Frameworks */ = {isa = PBXBuildFile; productRef = 237E74D6282C73040069846A /* Defaults */; };
		23910CA1299071240016E150 /* SearchFieldBuilder.swift in Sources */ = {isa = PBXBuildFile; fileRef = 23910CA0299071240016E150 /* SearchFieldBuilder.swift */; };
		23910CA32990BBA60016E150 /* DynamicElementBuilder.swift in Sources */ = {isa = PBXBuildFile; fileRef = 23910CA22990BBA60016E150 /* DynamicElementBuilder.swift */; };
		23910CA52990CDEE0016E150 /* VisualEffectBuilder.swift in Sources */ = {isa = PBXBuildFile; fileRef = 23910CA42990CDEE0016E150 /* VisualEffectBuilder.swift */; };
		23910CA72990D46A0016E150 /* Utils.swift in Sources */ = {isa = PBXBuildFile; fileRef = 23910CA62990D46A0016E150 /* Utils.swift */; };
		23954472299F4AFD002763A9 /* BlankTemplateBuilder.swift in Sources */ = {isa = PBXBuildFile; fileRef = 23954471299F4AFD002763A9 /* BlankTemplateBuilder.swift */; };
		239A1FB2298CCB9400F5B5AD /* ButtonBuilder.swift in Sources */ = {isa = PBXBuildFile; fileRef = 239A1FB1298CCB9400F5B5AD /* ButtonBuilder.swift */; };
		239A1FB4298CD9AB00F5B5AD /* GridBuilder.swift in Sources */ = {isa = PBXBuildFile; fileRef = 239A1FB3298CD9AB00F5B5AD /* GridBuilder.swift */; };
		239A1FB6298CDF0C00F5B5AD /* ComboButtonBuilder.swift in Sources */ = {isa = PBXBuildFile; fileRef = 239A1FB5298CDF0C00F5B5AD /* ComboButtonBuilder.swift */; };
		23AD0C91299B1A3A006FFFE9 /* TextFieldBuilder.swift in Sources */ = {isa = PBXBuildFile; fileRef = 23AD0C90299B1A3A006FFFE9 /* TextFieldBuilder.swift */; };
		23C6E90A26AF971600FBF106 /* PrimaryDSL.swift in Sources */ = {isa = PBXBuildFile; fileRef = 23C6E90926AF971600FBF106 /* PrimaryDSL.swift */; };
		23C818882993841A00816107 /* TokenFieldBuilder.swift in Sources */ = {isa = PBXBuildFile; fileRef = 23C818872993841A00816107 /* TokenFieldBuilder.swift */; };
		23CC72C22999BE11004EB3C4 /* PlainTextViewBuilder.swift in Sources */ = {isa = PBXBuildFile; fileRef = 23CC72C12999BE11004EB3C4 /* PlainTextViewBuilder.swift */; };
		23E50AF0299C5144005038CE /* FlowLayoutBuilder.swift in Sources */ = {isa = PBXBuildFile; fileRef = 23E50AEF299C5144005038CE /* FlowLayoutBuilder.swift */; };
		23E66E68296F94110025AFB0 /* SwiftUIPreviewDemo.swift in Sources */ = {isa = PBXBuildFile; fileRef = 23E66E67296F94110025AFB0 /* SwiftUIPreviewDemo.swift */; };
		23EBC53626DDA0CC001A861E /* GridDSL.swift in Sources */ = {isa = PBXBuildFile; fileRef = 23EBC53526DDA0CC001A861E /* GridDSL.swift */; };
		23F884852977451600ADC53D /* AppDelegate.swift in Sources */ = {isa = PBXBuildFile; fileRef = 23F884842977451600ADC53D /* AppDelegate.swift */; };
		23F884872977451600ADC53D /* ViewController.swift in Sources */ = {isa = PBXBuildFile; fileRef = 23F884862977451600ADC53D /* ViewController.swift */; };
		23F884892977451700ADC53D /* Assets.xcassets in Resources */ = {isa = PBXBuildFile; fileRef = 23F884882977451700ADC53D /* Assets.xcassets */; };
		23F8848C2977451700ADC53D /* Main.storyboard in Resources */ = {isa = PBXBuildFile; fileRef = 23F8848A2977451700ADC53D /* Main.storyboard */; };
		23F88492297745DD00ADC53D /* DSFAppKitBuilder in Frameworks */ = {isa = PBXBuildFile; productRef = 23F88491297745DD00ADC53D /* DSFAppKitBuilder */; };
		23FEE85A29790DD900E4497D /* DSFToolbar in Frameworks */ = {isa = PBXBuildFile; productRef = 23FEE85929790DD900E4497D /* DSFToolbar */; };
		23FEE85C29790E0000E4497D /* DSFToolbar in Frameworks */ = {isa = PBXBuildFile; productRef = 23FEE85B29790E0000E4497D /* DSFToolbar */; };
/* End PBXBuildFile section */

/* Begin PBXContainerItemProxy section */
		23513C73298E277900CDBE36 /* PBXContainerItemProxy */ = {
			isa = PBXContainerItemProxy;
			containerPortal = 2304026D26AF7E5F002016FD /* Project object */;
			proxyType = 1;
			remoteGlobalIDString = 235CBB27298B99A300D3D4DE;
			remoteInfo = "AppKitBuilder TestBed";
		};
		23D7C024297786090018CDF2 /* PBXContainerItemProxy */ = {
			isa = PBXContainerItemProxy;
			containerPortal = 2304026D26AF7E5F002016FD /* Project object */;
			proxyType = 1;
			remoteGlobalIDString = 237E74BF282C5B7E0069846A;
			remoteInfo = "AppKit DSF ViewController Demo";
		};
		23D7C026297786090018CDF2 /* PBXContainerItemProxy */ = {
			isa = PBXContainerItemProxy;
			containerPortal = 2304026D26AF7E5F002016FD /* Project object */;
			proxyType = 1;
			remoteGlobalIDString = 2304027426AF7E5F002016FD;
			remoteInfo = "AppKit DSL Demo";
		};
		23D7C028297786090018CDF2 /* PBXContainerItemProxy */ = {
			isa = PBXContainerItemProxy;
			containerPortal = 2304026D26AF7E5F002016FD /* Project object */;
			proxyType = 1;
			remoteGlobalIDString = 23F884812977451600ADC53D;
			remoteInfo = "DSFAppKitBuilderView Demo";
		};
/* End PBXContainerItemProxy section */

/* Begin PBXFileReference section */
		2304027526AF7E5F002016FD /* AppKit DSL Demo.app */ = {isa = PBXFileReference; explicitFileType = wrapper.application; includeInIndex = 0; path = "AppKit DSL Demo.app"; sourceTree = BUILT_PRODUCTS_DIR; };
		2304027826AF7E5F002016FD /* AppDelegate.swift */ = {isa = PBXFileReference; lastKnownFileType = sourcecode.swift; path = AppDelegate.swift; sourceTree = "<group>"; };
		2304027A26AF7E5F002016FD /* ViewController.swift */ = {isa = PBXFileReference; lastKnownFileType = sourcecode.swift; path = ViewController.swift; sourceTree = "<group>"; };
		2304027C26AF7E60002016FD /* Assets.xcassets */ = {isa = PBXFileReference; lastKnownFileType = folder.assetcatalog; path = Assets.xcassets; sourceTree = "<group>"; };
		2304027F26AF7E60002016FD /* Base */ = {isa = PBXFileReference; lastKnownFileType = file.storyboard; name = Base; path = Base.lproj/Main.storyboard; sourceTree = "<group>"; };
		2304028A26AF7EFB002016FD /* Utilities.swift */ = {isa = PBXFileReference; lastKnownFileType = sourcecode.swift; path = Utilities.swift; sourceTree = "<group>"; };
		23063A6026DC69DE00AC7715 /* WindowPopoverSheetDSL.swift */ = {isa = PBXFileReference; lastKnownFileType = sourcecode.swift; path = WindowPopoverSheetDSL.swift; sourceTree = "<group>"; };
		2314B32926AFB80D003BAA0C /* DSFAppKitBuilder */ = {isa = PBXFileReference; lastKnownFileType = folder; name = DSFAppKitBuilder; path = ../..; sourceTree = "<group>"; };
		2314B32C26AFD71C003BAA0C /* SecondaryDSL.swift */ = {isa = PBXFileReference; lastKnownFileType = sourcecode.swift; path = SecondaryDSL.swift; sourceTree = "<group>"; };
		2324632526C11A2800FF3158 /* ZStackDSL.swift */ = {isa = PBXFileReference; lastKnownFileType = sourcecode.swift; path = ZStackDSL.swift; sourceTree = "<group>"; };
		2327F3BB28B34CB000875739 /* AccentColorButton.swift */ = {isa = PBXFileReference; lastKnownFileType = sourcecode.swift; path = AccentColorButton.swift; sourceTree = "<group>"; };
		232EC66026B223A30042C7F7 /* TabDSL.swift */ = {isa = PBXFileReference; lastKnownFileType = sourcecode.swift; path = TabDSL.swift; sourceTree = "<group>"; };
		232EC66226B223C40042C7F7 /* SplitDSL.swift */ = {isa = PBXFileReference; lastKnownFileType = sourcecode.swift; path = SplitDSL.swift; sourceTree = "<group>"; };
		23350DB226CDF4DA00A5CA09 /* AppKit-DSL-Demo-Info.plist */ = {isa = PBXFileReference; lastKnownFileType = text.plist; path = "AppKit-DSL-Demo-Info.plist"; sourceTree = SOURCE_ROOT; };
		234AEF322974E58A00758E6A /* TertiaryDSL.swift */ = {isa = PBXFileReference; fileEncoding = 4; lastKnownFileType = sourcecode.swift; path = TertiaryDSL.swift; sourceTree = "<group>"; };
		2351367B26B3DAAE0026EAA1 /* BoxDSL.swift */ = {isa = PBXFileReference; lastKnownFileType = sourcecode.swift; path = BoxDSL.swift; sourceTree = "<group>"; };
		23513C6B298DDF4D00CDBE36 /* OneOfBuilder.swift */ = {isa = PBXFileReference; lastKnownFileType = sourcecode.swift; path = OneOfBuilder.swift; sourceTree = "<group>"; };
		23513C6D298DE6DA00CDBE36 /* ToggleBuilder.swift */ = {isa = PBXFileReference; lastKnownFileType = sourcecode.swift; path = ToggleBuilder.swift; sourceTree = "<group>"; };
		23513C6F298DE8AE00CDBE36 /* ColorWellBuilder.swift */ = {isa = PBXFileReference; lastKnownFileType = sourcecode.swift; path = ColorWellBuilder.swift; sourceTree = "<group>"; };
		23513C71298DEB8700CDBE36 /* PathBuilder.swift */ = {isa = PBXFileReference; lastKnownFileType = sourcecode.swift; path = PathBuilder.swift; sourceTree = "<group>"; };
		23513C77298E2B8800CDBE36 /* String+localized.swift */ = {isa = PBXFileReference; lastKnownFileType = sourcecode.swift; path = "String+localized.swift"; sourceTree = "<group>"; };
		23513C79298E383000CDBE36 /* CheckboxBuilder.swift */ = {isa = PBXFileReference; lastKnownFileType = sourcecode.swift; path = CheckboxBuilder.swift; sourceTree = "<group>"; };
		235CBB28298B99A300D3D4DE /* AppKitBuilder TestBed.app */ = {isa = PBXFileReference; explicitFileType = wrapper.application; includeInIndex = 0; path = "AppKitBuilder TestBed.app"; sourceTree = BUILT_PRODUCTS_DIR; };
		235CBB2A298B99A400D3D4DE /* AppDelegate.swift */ = {isa = PBXFileReference; lastKnownFileType = sourcecode.swift; path = AppDelegate.swift; sourceTree = "<group>"; };
		235CBB2C298B99A400D3D4DE /* ViewController.swift */ = {isa = PBXFileReference; lastKnownFileType = sourcecode.swift; path = ViewController.swift; sourceTree = "<group>"; };
		235CBB2E298B99A500D3D4DE /* Assets.xcassets */ = {isa = PBXFileReference; lastKnownFileType = folder.assetcatalog; path = Assets.xcassets; sourceTree = "<group>"; };
		235CBB31298B99A500D3D4DE /* Base */ = {isa = PBXFileReference; lastKnownFileType = file.storyboard; name = Base; path = Base.lproj/Main.storyboard; sourceTree = "<group>"; };
		235CBB33298B99A500D3D4DE /* AppKitBuilder_TestBed.entitlements */ = {isa = PBXFileReference; lastKnownFileType = text.plist.entitlements; path = AppKitBuilder_TestBed.entitlements; sourceTree = "<group>"; };
		235CBB37298B99C300D3D4DE /* DisclosureViewBuilder.swift */ = {isa = PBXFileReference; lastKnownFileType = sourcecode.swift; path = DisclosureViewBuilder.swift; sourceTree = "<group>"; };
		235CBB3C298BA2AD00D3D4DE /* FontBuilder.swift */ = {isa = PBXFileReference; lastKnownFileType = sourcecode.swift; path = FontBuilder.swift; sourceTree = "<group>"; };
		235CBB3E298C842300D3D4DE /* DatePickerBuilder.swift */ = {isa = PBXFileReference; lastKnownFileType = sourcecode.swift; path = DatePickerBuilder.swift; sourceTree = "<group>"; };
		235CBB40298C843500D3D4DE /* ViewTestBed.swift */ = {isa = PBXFileReference; lastKnownFileType = sourcecode.swift; path = ViewTestBed.swift; sourceTree = "<group>"; };
		236BA6712977769900FB72C4 /* IdentityViewController.swift */ = {isa = PBXFileReference; lastKnownFileType = sourcecode.swift; path = IdentityViewController.swift; sourceTree = "<group>"; };
		237BD46126B0F54C00D94649 /* ScrollerTestDSL.swift */ = {isa = PBXFileReference; lastKnownFileType = sourcecode.swift; path = ScrollerTestDSL.swift; sourceTree = "<group>"; };
		237E220229A07632002F3856 /* PopoverSheetBuilder.swift */ = {isa = PBXFileReference; lastKnownFileType = sourcecode.swift; path = PopoverSheetBuilder.swift; sourceTree = "<group>"; };
		237E74C0282C5B7E0069846A /* AppKit DSF ViewController Demo.app */ = {isa = PBXFileReference; explicitFileType = wrapper.application; includeInIndex = 0; path = "AppKit DSF ViewController Demo.app"; sourceTree = BUILT_PRODUCTS_DIR; };
		237E74C2282C5B7E0069846A /* AppDelegate.swift */ = {isa = PBXFileReference; lastKnownFileType = sourcecode.swift; path = AppDelegate.swift; sourceTree = "<group>"; };
		237E74C4282C5B7E0069846A /* ViewController.swift */ = {isa = PBXFileReference; lastKnownFileType = sourcecode.swift; path = ViewController.swift; sourceTree = "<group>"; };
		237E74C6282C5B7F0069846A /* Assets.xcassets */ = {isa = PBXFileReference; lastKnownFileType = folder.assetcatalog; path = Assets.xcassets; sourceTree = "<group>"; };
		237E74C9282C5B7F0069846A /* Base */ = {isa = PBXFileReference; lastKnownFileType = file.storyboard; name = Base; path = Base.lproj/Main.storyboard; sourceTree = "<group>"; };
		237E74CB282C5B7F0069846A /* AppKit_DSF_ViewController_Demo.entitlements */ = {isa = PBXFileReference; lastKnownFileType = text.plist.entitlements; path = AppKit_DSF_ViewController_Demo.entitlements; sourceTree = "<group>"; };
		237E74D1282C61710069846A /* BuilderViewController.swift */ = {isa = PBXFileReference; lastKnownFileType = sourcecode.swift; path = BuilderViewController.swift; sourceTree = "<group>"; };
		23910CA0299071240016E150 /* SearchFieldBuilder.swift */ = {isa = PBXFileReference; lastKnownFileType = sourcecode.swift; path = SearchFieldBuilder.swift; sourceTree = "<group>"; };
		23910CA22990BBA60016E150 /* DynamicElementBuilder.swift */ = {isa = PBXFileReference; lastKnownFileType = sourcecode.swift; path = DynamicElementBuilder.swift; sourceTree = "<group>"; };
		23910CA42990CDEE0016E150 /* VisualEffectBuilder.swift */ = {isa = PBXFileReference; lastKnownFileType = sourcecode.swift; path = VisualEffectBuilder.swift; sourceTree = "<group>"; };
		23910CA62990D46A0016E150 /* Utils.swift */ = {isa = PBXFileReference; lastKnownFileType = sourcecode.swift; path = Utils.swift; sourceTree = "<group>"; };
		23954471299F4AFD002763A9 /* BlankTemplateBuilder.swift */ = {isa = PBXFileReference; lastKnownFileType = sourcecode.swift; path = BlankTemplateBuilder.swift; sourceTree = "<group>"; };
		239A1FB1298CCB9400F5B5AD /* ButtonBuilder.swift */ = {isa = PBXFileReference; lastKnownFileType = sourcecode.swift; path = ButtonBuilder.swift; sourceTree = "<group>"; };
		239A1FB3298CD9AB00F5B5AD /* GridBuilder.swift */ = {isa = PBXFileReference; lastKnownFileType = sourcecode.swift; path = GridBuilder.swift; sourceTree = "<group>"; };
		239A1FB5298CDF0C00F5B5AD /* ComboButtonBuilder.swift */ = {isa = PBXFileReference; lastKnownFileType = sourcecode.swift; path = ComboButtonBuilder.swift; sourceTree = "<group>"; };
		23AD0C90299B1A3A006FFFE9 /* TextFieldBuilder.swift */ = {isa = PBXFileReference; lastKnownFileType = sourcecode.swift; path = TextFieldBuilder.swift; sourceTree = "<group>"; };
		23C4B93F2993B4E900BD4425 /* AppKitBuilder_TestBed.plist */ = {isa = PBXFileReference; fileEncoding = 4; lastKnownFileType = text.plist.xml; path = AppKitBuilder_TestBed.plist; sourceTree = "<group>"; };
		23C6E90926AF971600FBF106 /* PrimaryDSL.swift */ = {isa = PBXFileReference; lastKnownFileType = sourcecode.swift; path = PrimaryDSL.swift; sourceTree = "<group>"; };
		23C818872993841A00816107 /* TokenFieldBuilder.swift */ = {isa = PBXFileReference; lastKnownFileType = sourcecode.swift; path = TokenFieldBuilder.swift; sourceTree = "<group>"; };
		23CC72C12999BE11004EB3C4 /* PlainTextViewBuilder.swift */ = {isa = PBXFileReference; fileEncoding = 4; lastKnownFileType = sourcecode.swift; path = PlainTextViewBuilder.swift; sourceTree = "<group>"; };
		23E50AEF299C5144005038CE /* FlowLayoutBuilder.swift */ = {isa = PBXFileReference; lastKnownFileType = sourcecode.swift; path = FlowLayoutBuilder.swift; sourceTree = "<group>"; };
		23E66E67296F94110025AFB0 /* SwiftUIPreviewDemo.swift */ = {isa = PBXFileReference; fileEncoding = 4; lastKnownFileType = sourcecode.swift; path = SwiftUIPreviewDemo.swift; sourceTree = "<group>"; };
		23EBC53526DDA0CC001A861E /* GridDSL.swift */ = {isa = PBXFileReference; lastKnownFileType = sourcecode.swift; path = GridDSL.swift; sourceTree = "<group>"; };
		23F884822977451600ADC53D /* DSFAppKitBuilderView Demo.app */ = {isa = PBXFileReference; explicitFileType = wrapper.application; includeInIndex = 0; path = "DSFAppKitBuilderView Demo.app"; sourceTree = BUILT_PRODUCTS_DIR; };
		23F884842977451600ADC53D /* AppDelegate.swift */ = {isa = PBXFileReference; lastKnownFileType = sourcecode.swift; path = AppDelegate.swift; sourceTree = "<group>"; };
		23F884862977451600ADC53D /* ViewController.swift */ = {isa = PBXFileReference; lastKnownFileType = sourcecode.swift; path = ViewController.swift; sourceTree = "<group>"; };
		23F884882977451700ADC53D /* Assets.xcassets */ = {isa = PBXFileReference; lastKnownFileType = folder.assetcatalog; path = Assets.xcassets; sourceTree = "<group>"; };
		23F8848B2977451700ADC53D /* Base */ = {isa = PBXFileReference; lastKnownFileType = file.storyboard; name = Base; path = Base.lproj/Main.storyboard; sourceTree = "<group>"; };
		23F8848D2977451700ADC53D /* DSFAppKitBuilderView_Demo.entitlements */ = {isa = PBXFileReference; lastKnownFileType = text.plist.entitlements; path = DSFAppKitBuilderView_Demo.entitlements; sourceTree = "<group>"; };
/* End PBXFileReference section */

/* Begin PBXFrameworksBuildPhase section */
		2304027226AF7E5F002016FD /* Frameworks */ = {
			isa = PBXFrameworksBuildPhase;
			buildActionMask = 2147483647;
			files = (
				23FEE85A29790DD900E4497D /* DSFToolbar in Frameworks */,
				2314B32B26AFB816003BAA0C /* DSFAppKitBuilder in Frameworks */,
			);
			runOnlyForDeploymentPostprocessing = 0;
		};
		235CBB25298B99A300D3D4DE /* Frameworks */ = {
			isa = PBXFrameworksBuildPhase;
			buildActionMask = 2147483647;
			files = (
				237E220529A0C7A2002F3856 /* DSFToolbar in Frameworks */,
				235CBB3A298B99D800D3D4DE /* DSFAppKitBuilder in Frameworks */,
			);
			runOnlyForDeploymentPostprocessing = 0;
		};
		237E74BD282C5B7E0069846A /* Frameworks */ = {
			isa = PBXFrameworksBuildPhase;
			buildActionMask = 2147483647;
			files = (
				237E74D7282C73040069846A /* Defaults in Frameworks */,
				237E74D0282C5BA30069846A /* DSFAppKitBuilder in Frameworks */,
			);
			runOnlyForDeploymentPostprocessing = 0;
		};
		23F8847F2977451600ADC53D /* Frameworks */ = {
			isa = PBXFrameworksBuildPhase;
			buildActionMask = 2147483647;
			files = (
				23FEE85C29790E0000E4497D /* DSFToolbar in Frameworks */,
				23F88492297745DD00ADC53D /* DSFAppKitBuilder in Frameworks */,
			);
			runOnlyForDeploymentPostprocessing = 0;
		};
/* End PBXFrameworksBuildPhase section */

/* Begin PBXGroup section */
		2304026C26AF7E5F002016FD = {
			isa = PBXGroup;
			children = (
				2314B32926AFB80D003BAA0C /* DSFAppKitBuilder */,
				2304027726AF7E5F002016FD /* AppKit DSL Demo */,
				237E74C1282C5B7E0069846A /* AppKit DSF ViewController Demo */,
				23F884832977451600ADC53D /* DSFAppKitBuilderView Demo */,
				235CBB29298B99A400D3D4DE /* AppKitBuilder TestBed */,
				2304027626AF7E5F002016FD /* Products */,
				2304028726AF7E70002016FD /* Frameworks */,
			);
			sourceTree = "<group>";
		};
		2304027626AF7E5F002016FD /* Products */ = {
			isa = PBXGroup;
			children = (
				2304027526AF7E5F002016FD /* AppKit DSL Demo.app */,
				237E74C0282C5B7E0069846A /* AppKit DSF ViewController Demo.app */,
				23F884822977451600ADC53D /* DSFAppKitBuilderView Demo.app */,
				235CBB28298B99A300D3D4DE /* AppKitBuilder TestBed.app */,
			);
			name = Products;
			sourceTree = "<group>";
		};
		2304027726AF7E5F002016FD /* AppKit DSL Demo */ = {
			isa = PBXGroup;
			children = (
				23350DB226CDF4DA00A5CA09 /* AppKit-DSL-Demo-Info.plist */,
				2304027826AF7E5F002016FD /* AppDelegate.swift */,
				2304027A26AF7E5F002016FD /* ViewController.swift */,
				2324632426C11A0300FF3158 /* views */,
				2304027C26AF7E60002016FD /* Assets.xcassets */,
				2304027E26AF7E60002016FD /* Main.storyboard */,
				2304028A26AF7EFB002016FD /* Utilities.swift */,
				2327F3BB28B34CB000875739 /* AccentColorButton.swift */,
			);
			path = "AppKit DSL Demo";
			sourceTree = "<group>";
		};
		2304028726AF7E70002016FD /* Frameworks */ = {
			isa = PBXGroup;
			children = (
			);
			name = Frameworks;
			sourceTree = "<group>";
		};
		2324632426C11A0300FF3158 /* views */ = {
			isa = PBXGroup;
			children = (
				23C6E90926AF971600FBF106 /* PrimaryDSL.swift */,
				2314B32C26AFD71C003BAA0C /* SecondaryDSL.swift */,
				234AEF322974E58A00758E6A /* TertiaryDSL.swift */,
				232EC66026B223A30042C7F7 /* TabDSL.swift */,
				2351367B26B3DAAE0026EAA1 /* BoxDSL.swift */,
				237BD46126B0F54C00D94649 /* ScrollerTestDSL.swift */,
				232EC66226B223C40042C7F7 /* SplitDSL.swift */,
				2324632526C11A2800FF3158 /* ZStackDSL.swift */,
				23063A6026DC69DE00AC7715 /* WindowPopoverSheetDSL.swift */,
				23EBC53526DDA0CC001A861E /* GridDSL.swift */,
			);
			path = views;
			sourceTree = "<group>";
		};
		235CBB29298B99A400D3D4DE /* AppKitBuilder TestBed */ = {
			isa = PBXGroup;
			children = (
				23C4B93F2993B4E900BD4425 /* AppKitBuilder_TestBed.plist */,
				235CBB3B298B99FB00D3D4DE /* views */,
				235CBB2A298B99A400D3D4DE /* AppDelegate.swift */,
				235CBB2C298B99A400D3D4DE /* ViewController.swift */,
				235CBB2E298B99A500D3D4DE /* Assets.xcassets */,
				235CBB30298B99A500D3D4DE /* Main.storyboard */,
				235CBB33298B99A500D3D4DE /* AppKitBuilder_TestBed.entitlements */,
				23513C77298E2B8800CDBE36 /* String+localized.swift */,
				23910CA62990D46A0016E150 /* Utils.swift */,
			);
			path = "AppKitBuilder TestBed";
			sourceTree = "<group>";
		};
		235CBB3B298B99FB00D3D4DE /* views */ = {
			isa = PBXGroup;
			children = (
				23954471299F4AFD002763A9 /* BlankTemplateBuilder.swift */,
				239A1FB1298CCB9400F5B5AD /* ButtonBuilder.swift */,
				23513C79298E383000CDBE36 /* CheckboxBuilder.swift */,
				23513C6F298DE8AE00CDBE36 /* ColorWellBuilder.swift */,
				239A1FB5298CDF0C00F5B5AD /* ComboButtonBuilder.swift */,
				235CBB3E298C842300D3D4DE /* DatePickerBuilder.swift */,
				235CBB37298B99C300D3D4DE /* DisclosureViewBuilder.swift */,
				23910CA22990BBA60016E150 /* DynamicElementBuilder.swift */,
				23E50AEF299C5144005038CE /* FlowLayoutBuilder.swift */,
				235CBB3C298BA2AD00D3D4DE /* FontBuilder.swift */,
				239A1FB3298CD9AB00F5B5AD /* GridBuilder.swift */,
				23513C6B298DDF4D00CDBE36 /* OneOfBuilder.swift */,
				23513C71298DEB8700CDBE36 /* PathBuilder.swift */,
				23CC72C12999BE11004EB3C4 /* PlainTextViewBuilder.swift */,
				237E220229A07632002F3856 /* PopoverSheetBuilder.swift */,
				23910CA0299071240016E150 /* SearchFieldBuilder.swift */,
				23AD0C90299B1A3A006FFFE9 /* TextFieldBuilder.swift */,
				23513C6D298DE6DA00CDBE36 /* ToggleBuilder.swift */,
				23C818872993841A00816107 /* TokenFieldBuilder.swift */,
				235CBB40298C843500D3D4DE /* ViewTestBed.swift */,
				23910CA42990CDEE0016E150 /* VisualEffectBuilder.swift */,
			);
			path = views;
			sourceTree = "<group>";
		};
		237E74C1282C5B7E0069846A /* AppKit DSF ViewController Demo */ = {
			isa = PBXGroup;
			children = (
				237E74C2282C5B7E0069846A /* AppDelegate.swift */,
				237E74C4282C5B7E0069846A /* ViewController.swift */,
				237E74D1282C61710069846A /* BuilderViewController.swift */,
				23E66E67296F94110025AFB0 /* SwiftUIPreviewDemo.swift */,
				237E74C6282C5B7F0069846A /* Assets.xcassets */,
				237E74C8282C5B7F0069846A /* Main.storyboard */,
				237E74CB282C5B7F0069846A /* AppKit_DSF_ViewController_Demo.entitlements */,
			);
			path = "AppKit DSF ViewController Demo";
			sourceTree = "<group>";
		};
		23F884832977451600ADC53D /* DSFAppKitBuilderView Demo */ = {
			isa = PBXGroup;
			children = (
				23F884842977451600ADC53D /* AppDelegate.swift */,
				23F884862977451600ADC53D /* ViewController.swift */,
				236BA6712977769900FB72C4 /* IdentityViewController.swift */,
				23F884882977451700ADC53D /* Assets.xcassets */,
				23F8848A2977451700ADC53D /* Main.storyboard */,
				23F8848D2977451700ADC53D /* DSFAppKitBuilderView_Demo.entitlements */,
			);
			path = "DSFAppKitBuilderView Demo";
			sourceTree = "<group>";
		};
/* End PBXGroup section */

/* Begin PBXNativeTarget section */
		2304027426AF7E5F002016FD /* AppKit DSL Demo */ = {
			isa = PBXNativeTarget;
			buildConfigurationList = 2304028326AF7E60002016FD /* Build configuration list for PBXNativeTarget "AppKit DSL Demo" */;
			buildPhases = (
				2304027126AF7E5F002016FD /* Sources */,
				2304027226AF7E5F002016FD /* Frameworks */,
				2304027326AF7E5F002016FD /* Resources */,
			);
			buildRules = (
			);
			dependencies = (
			);
			name = "AppKit DSL Demo";
			packageProductDependencies = (
				2314B32A26AFB816003BAA0C /* DSFAppKitBuilder */,
				23FEE85929790DD900E4497D /* DSFToolbar */,
			);
			productName = "AppKit DSL Demo";
			productReference = 2304027526AF7E5F002016FD /* AppKit DSL Demo.app */;
			productType = "com.apple.product-type.application";
		};
		235CBB27298B99A300D3D4DE /* AppKitBuilder TestBed */ = {
			isa = PBXNativeTarget;
			buildConfigurationList = 235CBB34298B99A500D3D4DE /* Build configuration list for PBXNativeTarget "AppKitBuilder TestBed" */;
			buildPhases = (
				235CBB24298B99A300D3D4DE /* Sources */,
				235CBB25298B99A300D3D4DE /* Frameworks */,
				235CBB26298B99A300D3D4DE /* Resources */,
			);
			buildRules = (
			);
			dependencies = (
			);
			name = "AppKitBuilder TestBed";
			packageProductDependencies = (
				235CBB39298B99D800D3D4DE /* DSFAppKitBuilder */,
				237E220429A0C7A2002F3856 /* DSFToolbar */,
			);
			productName = "AppKitBuilder TestBed";
			productReference = 235CBB28298B99A300D3D4DE /* AppKitBuilder TestBed.app */;
			productType = "com.apple.product-type.application";
		};
		237E74BF282C5B7E0069846A /* AppKit DSF ViewController Demo */ = {
			isa = PBXNativeTarget;
			buildConfigurationList = 237E74CE282C5B7F0069846A /* Build configuration list for PBXNativeTarget "AppKit DSF ViewController Demo" */;
			buildPhases = (
				237E74BC282C5B7E0069846A /* Sources */,
				237E74BD282C5B7E0069846A /* Frameworks */,
				237E74BE282C5B7E0069846A /* Resources */,
			);
			buildRules = (
			);
			dependencies = (
			);
			name = "AppKit DSF ViewController Demo";
			packageProductDependencies = (
				237E74CF282C5BA30069846A /* DSFAppKitBuilder */,
				237E74D6282C73040069846A /* Defaults */,
			);
			productName = "AppKit DSF ViewController Demo";
			productReference = 237E74C0282C5B7E0069846A /* AppKit DSF ViewController Demo.app */;
			productType = "com.apple.product-type.application";
		};
		23F884812977451600ADC53D /* DSFAppKitBuilderView Demo */ = {
			isa = PBXNativeTarget;
			buildConfigurationList = 23F884902977451700ADC53D /* Build configuration list for PBXNativeTarget "DSFAppKitBuilderView Demo" */;
			buildPhases = (
				23F8847E2977451600ADC53D /* Sources */,
				23F8847F2977451600ADC53D /* Frameworks */,
				23F884802977451600ADC53D /* Resources */,
			);
			buildRules = (
			);
			dependencies = (
			);
			name = "DSFAppKitBuilderView Demo";
			packageProductDependencies = (
				23F88491297745DD00ADC53D /* DSFAppKitBuilder */,
				23FEE85B29790E0000E4497D /* DSFToolbar */,
			);
			productName = "AKBView Test";
			productReference = 23F884822977451600ADC53D /* DSFAppKitBuilderView Demo.app */;
			productType = "com.apple.product-type.application";
		};
/* End PBXNativeTarget section */

/* Begin PBXProject section */
		2304026D26AF7E5F002016FD /* Project object */ = {
			isa = PBXProject;
			attributes = {
				BuildIndependentTargetsInParallel = 1;
				LastSwiftUpdateCheck = 1420;
				LastUpgradeCheck = 1300;
				TargetAttributes = {
					2304027426AF7E5F002016FD = {
						CreatedOnToolsVersion = 13.0;
					};
					235CBB27298B99A300D3D4DE = {
						CreatedOnToolsVersion = 14.2;
					};
					237E74BF282C5B7E0069846A = {
						CreatedOnToolsVersion = 13.3.1;
					};
					23D7C020297785FF0018CDF2 = {
						CreatedOnToolsVersion = 14.2;
					};
					23F884812977451600ADC53D = {
						CreatedOnToolsVersion = 14.2;
					};
				};
			};
			buildConfigurationList = 2304027026AF7E5F002016FD /* Build configuration list for PBXProject "AppKit DSL Demo" */;
			compatibilityVersion = "Xcode 11.0";
			developmentRegion = en;
			hasScannedForEncodings = 0;
			knownRegions = (
				en,
				Base,
			);
			mainGroup = 2304026C26AF7E5F002016FD;
			packageReferences = (
				237E74D5282C73040069846A /* XCRemoteSwiftPackageReference "Defaults" */,
				23FEE85829790DD900E4497D /* XCRemoteSwiftPackageReference "DSFToolbar" */,
			);
			productRefGroup = 2304027626AF7E5F002016FD /* Products */;
			projectDirPath = "";
			projectRoot = "";
			targets = (
				235CBB27298B99A300D3D4DE /* AppKitBuilder TestBed */,
				2304027426AF7E5F002016FD /* AppKit DSL Demo */,
				237E74BF282C5B7E0069846A /* AppKit DSF ViewController Demo */,
				23F884812977451600ADC53D /* DSFAppKitBuilderView Demo */,
				23D7C020297785FF0018CDF2 /* Build All Demos */,
			);
		};
/* End PBXProject section */

/* Begin PBXResourcesBuildPhase section */
		2304027326AF7E5F002016FD /* Resources */ = {
			isa = PBXResourcesBuildPhase;
			buildActionMask = 2147483647;
			files = (
				2304027D26AF7E60002016FD /* Assets.xcassets in Resources */,
				2304028026AF7E60002016FD /* Main.storyboard in Resources */,
			);
			runOnlyForDeploymentPostprocessing = 0;
		};
		235CBB26298B99A300D3D4DE /* Resources */ = {
			isa = PBXResourcesBuildPhase;
			buildActionMask = 2147483647;
			files = (
				235CBB2F298B99A500D3D4DE /* Assets.xcassets in Resources */,
				235CBB32298B99A500D3D4DE /* Main.storyboard in Resources */,
			);
			runOnlyForDeploymentPostprocessing = 0;
		};
		237E74BE282C5B7E0069846A /* Resources */ = {
			isa = PBXResourcesBuildPhase;
			buildActionMask = 2147483647;
			files = (
				237E74C7282C5B7F0069846A /* Assets.xcassets in Resources */,
				237E74CA282C5B7F0069846A /* Main.storyboard in Resources */,
			);
			runOnlyForDeploymentPostprocessing = 0;
		};
		23F884802977451600ADC53D /* Resources */ = {
			isa = PBXResourcesBuildPhase;
			buildActionMask = 2147483647;
			files = (
				23F884892977451700ADC53D /* Assets.xcassets in Resources */,
				23F8848C2977451700ADC53D /* Main.storyboard in Resources */,
			);
			runOnlyForDeploymentPostprocessing = 0;
		};
/* End PBXResourcesBuildPhase section */

/* Begin PBXSourcesBuildPhase section */
		2304027126AF7E5F002016FD /* Sources */ = {
			isa = PBXSourcesBuildPhase;
			buildActionMask = 2147483647;
			files = (
				232EC66326B223C40042C7F7 /* SplitDSL.swift in Sources */,
				2304028B26AF7EFB002016FD /* Utilities.swift in Sources */,
				2327F3BC28B34CB000875739 /* AccentColorButton.swift in Sources */,
				2314B32D26AFD71C003BAA0C /* SecondaryDSL.swift in Sources */,
				23063A6126DC69DE00AC7715 /* WindowPopoverSheetDSL.swift in Sources */,
				232EC66126B223A30042C7F7 /* TabDSL.swift in Sources */,
				2304027B26AF7E5F002016FD /* ViewController.swift in Sources */,
				23C6E90A26AF971600FBF106 /* PrimaryDSL.swift in Sources */,
				2304027926AF7E5F002016FD /* AppDelegate.swift in Sources */,
				2351367C26B3DAAE0026EAA1 /* BoxDSL.swift in Sources */,
				23EBC53626DDA0CC001A861E /* GridDSL.swift in Sources */,
				237BD46226B0F54C00D94649 /* ScrollerTestDSL.swift in Sources */,
				2324632626C11A2800FF3158 /* ZStackDSL.swift in Sources */,
				234AEF332974E58B00758E6A /* TertiaryDSL.swift in Sources */,
			);
			runOnlyForDeploymentPostprocessing = 0;
		};
		235CBB24298B99A300D3D4DE /* Sources */ = {
			isa = PBXSourcesBuildPhase;
			buildActionMask = 2147483647;
			files = (
				239A1FB2298CCB9400F5B5AD /* ButtonBuilder.swift in Sources */,
				23513C6E298DE6DA00CDBE36 /* ToggleBuilder.swift in Sources */,
				23513C72298DEB8700CDBE36 /* PathBuilder.swift in Sources */,
				23AD0C91299B1A3A006FFFE9 /* TextFieldBuilder.swift in Sources */,
				239A1FB4298CD9AB00F5B5AD /* GridBuilder.swift in Sources */,
				23910CA1299071240016E150 /* SearchFieldBuilder.swift in Sources */,
				239A1FB6298CDF0C00F5B5AD /* ComboButtonBuilder.swift in Sources */,
				23CC72C22999BE11004EB3C4 /* PlainTextViewBuilder.swift in Sources */,
				23513C6C298DDF4D00CDBE36 /* OneOfBuilder.swift in Sources */,
				235CBB41298C843500D3D4DE /* ViewTestBed.swift in Sources */,
				235CBB3D298BA2AD00D3D4DE /* FontBuilder.swift in Sources */,
				23513C78298E2B8800CDBE36 /* String+localized.swift in Sources */,
				23954472299F4AFD002763A9 /* BlankTemplateBuilder.swift in Sources */,
				235CBB2D298B99A400D3D4DE /* ViewController.swift in Sources */,
				23513C7A298E383000CDBE36 /* CheckboxBuilder.swift in Sources */,
				23910CA52990CDEE0016E150 /* VisualEffectBuilder.swift in Sources */,
				237E220329A07632002F3856 /* PopoverSheetBuilder.swift in Sources */,
				23E50AF0299C5144005038CE /* FlowLayoutBuilder.swift in Sources */,
				23910CA32990BBA60016E150 /* DynamicElementBuilder.swift in Sources */,
				235CBB2B298B99A400D3D4DE /* AppDelegate.swift in Sources */,
				235CBB38298B99C300D3D4DE /* DisclosureViewBuilder.swift in Sources */,
				235CBB3F298C842300D3D4DE /* DatePickerBuilder.swift in Sources */,
				23910CA72990D46A0016E150 /* Utils.swift in Sources */,
				23C818882993841A00816107 /* TokenFieldBuilder.swift in Sources */,
				23513C70298DE8AE00CDBE36 /* ColorWellBuilder.swift in Sources */,
			);
			runOnlyForDeploymentPostprocessing = 0;
		};
		237E74BC282C5B7E0069846A /* Sources */ = {
			isa = PBXSourcesBuildPhase;
			buildActionMask = 2147483647;
			files = (
				237E74C5282C5B7E0069846A /* ViewController.swift in Sources */,
				23E66E68296F94110025AFB0 /* SwiftUIPreviewDemo.swift in Sources */,
				237E74D2282C61710069846A /* BuilderViewController.swift in Sources */,
				237E74C3282C5B7E0069846A /* AppDelegate.swift in Sources */,
			);
			runOnlyForDeploymentPostprocessing = 0;
		};
		23F8847E2977451600ADC53D /* Sources */ = {
			isa = PBXSourcesBuildPhase;
			buildActionMask = 2147483647;
			files = (
				23F884872977451600ADC53D /* ViewController.swift in Sources */,
				23F884852977451600ADC53D /* AppDelegate.swift in Sources */,
				236BA6722977769900FB72C4 /* IdentityViewController.swift in Sources */,
			);
			runOnlyForDeploymentPostprocessing = 0;
		};
/* End PBXSourcesBuildPhase section */

/* Begin PBXTargetDependency section */
		23513C74298E277900CDBE36 /* PBXTargetDependency */ = {
			isa = PBXTargetDependency;
			target = 235CBB27298B99A300D3D4DE /* AppKitBuilder TestBed */;
			targetProxy = 23513C73298E277900CDBE36 /* PBXContainerItemProxy */;
		};
		23D7C025297786090018CDF2 /* PBXTargetDependency */ = {
			isa = PBXTargetDependency;
			target = 237E74BF282C5B7E0069846A /* AppKit DSF ViewController Demo */;
			targetProxy = 23D7C024297786090018CDF2 /* PBXContainerItemProxy */;
		};
		23D7C027297786090018CDF2 /* PBXTargetDependency */ = {
			isa = PBXTargetDependency;
			target = 2304027426AF7E5F002016FD /* AppKit DSL Demo */;
			targetProxy = 23D7C026297786090018CDF2 /* PBXContainerItemProxy */;
		};
		23D7C029297786090018CDF2 /* PBXTargetDependency */ = {
			isa = PBXTargetDependency;
			target = 23F884812977451600ADC53D /* DSFAppKitBuilderView Demo */;
			targetProxy = 23D7C028297786090018CDF2 /* PBXContainerItemProxy */;
		};
/* End PBXTargetDependency section */

/* Begin PBXVariantGroup section */
		2304027E26AF7E60002016FD /* Main.storyboard */ = {
			isa = PBXVariantGroup;
			children = (
				2304027F26AF7E60002016FD /* Base */,
			);
			name = Main.storyboard;
			sourceTree = "<group>";
		};
		235CBB30298B99A500D3D4DE /* Main.storyboard */ = {
			isa = PBXVariantGroup;
			children = (
				235CBB31298B99A500D3D4DE /* Base */,
			);
			name = Main.storyboard;
			sourceTree = "<group>";
		};
		237E74C8282C5B7F0069846A /* Main.storyboard */ = {
			isa = PBXVariantGroup;
			children = (
				237E74C9282C5B7F0069846A /* Base */,
			);
			name = Main.storyboard;
			sourceTree = "<group>";
		};
		23F8848A2977451700ADC53D /* Main.storyboard */ = {
			isa = PBXVariantGroup;
			children = (
				23F8848B2977451700ADC53D /* Base */,
			);
			name = Main.storyboard;
			sourceTree = "<group>";
		};
/* End PBXVariantGroup section */

/* Begin XCBuildConfiguration section */
		2304028126AF7E60002016FD /* Debug */ = {
			isa = XCBuildConfiguration;
			buildSettings = {
				ALWAYS_SEARCH_USER_PATHS = NO;
				CLANG_ANALYZER_NONNULL = YES;
				CLANG_ANALYZER_NUMBER_OBJECT_CONVERSION = YES_AGGRESSIVE;
				CLANG_CXX_LANGUAGE_STANDARD = "gnu++17";
				CLANG_CXX_LIBRARY = "libc++";
				CLANG_ENABLE_MODULES = YES;
				CLANG_ENABLE_OBJC_ARC = YES;
				CLANG_ENABLE_OBJC_WEAK = YES;
				CLANG_WARN_BLOCK_CAPTURE_AUTORELEASING = YES;
				CLANG_WARN_BOOL_CONVERSION = YES;
				CLANG_WARN_COMMA = YES;
				CLANG_WARN_CONSTANT_CONVERSION = YES;
				CLANG_WARN_DEPRECATED_OBJC_IMPLEMENTATIONS = YES;
				CLANG_WARN_DIRECT_OBJC_ISA_USAGE = YES_ERROR;
				CLANG_WARN_DOCUMENTATION_COMMENTS = YES;
				CLANG_WARN_EMPTY_BODY = YES;
				CLANG_WARN_ENUM_CONVERSION = YES;
				CLANG_WARN_INFINITE_RECURSION = YES;
				CLANG_WARN_INT_CONVERSION = YES;
				CLANG_WARN_NON_LITERAL_NULL_CONVERSION = YES;
				CLANG_WARN_OBJC_IMPLICIT_RETAIN_SELF = YES;
				CLANG_WARN_OBJC_LITERAL_CONVERSION = YES;
				CLANG_WARN_OBJC_ROOT_CLASS = YES_ERROR;
				CLANG_WARN_QUOTED_INCLUDE_IN_FRAMEWORK_HEADER = YES;
				CLANG_WARN_RANGE_LOOP_ANALYSIS = YES;
				CLANG_WARN_STRICT_PROTOTYPES = YES;
				CLANG_WARN_SUSPICIOUS_MOVE = YES;
				CLANG_WARN_UNGUARDED_AVAILABILITY = YES_AGGRESSIVE;
				CLANG_WARN_UNREACHABLE_CODE = YES;
				CLANG_WARN__DUPLICATE_METHOD_MATCH = YES;
				COPY_PHASE_STRIP = NO;
				DEBUG_INFORMATION_FORMAT = dwarf;
				ENABLE_STRICT_OBJC_MSGSEND = YES;
				ENABLE_TESTABILITY = YES;
				GCC_C_LANGUAGE_STANDARD = gnu11;
				GCC_DYNAMIC_NO_PIC = NO;
				GCC_NO_COMMON_BLOCKS = YES;
				GCC_OPTIMIZATION_LEVEL = 0;
				GCC_PREPROCESSOR_DEFINITIONS = (
					"DEBUG=1",
					"$(inherited)",
				);
				GCC_WARN_64_TO_32_BIT_CONVERSION = YES;
				GCC_WARN_ABOUT_RETURN_TYPE = YES_ERROR;
				GCC_WARN_UNDECLARED_SELECTOR = YES;
				GCC_WARN_UNINITIALIZED_AUTOS = YES_AGGRESSIVE;
				GCC_WARN_UNUSED_FUNCTION = YES;
				GCC_WARN_UNUSED_VARIABLE = YES;
				MACOSX_DEPLOYMENT_TARGET = 10.11;
				MTL_ENABLE_DEBUG_INFO = INCLUDE_SOURCE;
				MTL_FAST_MATH = YES;
				ONLY_ACTIVE_ARCH = YES;
				SDKROOT = macosx;
				SWIFT_ACTIVE_COMPILATION_CONDITIONS = DEBUG;
				SWIFT_OPTIMIZATION_LEVEL = "-Onone";
			};
			name = Debug;
		};
		2304028226AF7E60002016FD /* Release */ = {
			isa = XCBuildConfiguration;
			buildSettings = {
				ALWAYS_SEARCH_USER_PATHS = NO;
				CLANG_ANALYZER_NONNULL = YES;
				CLANG_ANALYZER_NUMBER_OBJECT_CONVERSION = YES_AGGRESSIVE;
				CLANG_CXX_LANGUAGE_STANDARD = "gnu++17";
				CLANG_CXX_LIBRARY = "libc++";
				CLANG_ENABLE_MODULES = YES;
				CLANG_ENABLE_OBJC_ARC = YES;
				CLANG_ENABLE_OBJC_WEAK = YES;
				CLANG_WARN_BLOCK_CAPTURE_AUTORELEASING = YES;
				CLANG_WARN_BOOL_CONVERSION = YES;
				CLANG_WARN_COMMA = YES;
				CLANG_WARN_CONSTANT_CONVERSION = YES;
				CLANG_WARN_DEPRECATED_OBJC_IMPLEMENTATIONS = YES;
				CLANG_WARN_DIRECT_OBJC_ISA_USAGE = YES_ERROR;
				CLANG_WARN_DOCUMENTATION_COMMENTS = YES;
				CLANG_WARN_EMPTY_BODY = YES;
				CLANG_WARN_ENUM_CONVERSION = YES;
				CLANG_WARN_INFINITE_RECURSION = YES;
				CLANG_WARN_INT_CONVERSION = YES;
				CLANG_WARN_NON_LITERAL_NULL_CONVERSION = YES;
				CLANG_WARN_OBJC_IMPLICIT_RETAIN_SELF = YES;
				CLANG_WARN_OBJC_LITERAL_CONVERSION = YES;
				CLANG_WARN_OBJC_ROOT_CLASS = YES_ERROR;
				CLANG_WARN_QUOTED_INCLUDE_IN_FRAMEWORK_HEADER = YES;
				CLANG_WARN_RANGE_LOOP_ANALYSIS = YES;
				CLANG_WARN_STRICT_PROTOTYPES = YES;
				CLANG_WARN_SUSPICIOUS_MOVE = YES;
				CLANG_WARN_UNGUARDED_AVAILABILITY = YES_AGGRESSIVE;
				CLANG_WARN_UNREACHABLE_CODE = YES;
				CLANG_WARN__DUPLICATE_METHOD_MATCH = YES;
				COPY_PHASE_STRIP = NO;
				DEBUG_INFORMATION_FORMAT = "dwarf-with-dsym";
				ENABLE_NS_ASSERTIONS = NO;
				ENABLE_STRICT_OBJC_MSGSEND = YES;
				GCC_C_LANGUAGE_STANDARD = gnu11;
				GCC_NO_COMMON_BLOCKS = YES;
				GCC_WARN_64_TO_32_BIT_CONVERSION = YES;
				GCC_WARN_ABOUT_RETURN_TYPE = YES_ERROR;
				GCC_WARN_UNDECLARED_SELECTOR = YES;
				GCC_WARN_UNINITIALIZED_AUTOS = YES_AGGRESSIVE;
				GCC_WARN_UNUSED_FUNCTION = YES;
				GCC_WARN_UNUSED_VARIABLE = YES;
				MACOSX_DEPLOYMENT_TARGET = 10.11;
				MTL_ENABLE_DEBUG_INFO = NO;
				MTL_FAST_MATH = YES;
				SDKROOT = macosx;
				SWIFT_COMPILATION_MODE = wholemodule;
				SWIFT_OPTIMIZATION_LEVEL = "-O";
			};
			name = Release;
		};
		2304028426AF7E60002016FD /* Debug */ = {
			isa = XCBuildConfiguration;
			buildSettings = {
				ALWAYS_EMBED_SWIFT_STANDARD_LIBRARIES = YES;
				ASSETCATALOG_COMPILER_APPICON_NAME = AppIcon;
				ASSETCATALOG_COMPILER_GLOBAL_ACCENT_COLOR_NAME = AccentColor;
				CODE_SIGN_STYLE = Automatic;
				COMBINE_HIDPI_IMAGES = YES;
				CURRENT_PROJECT_VERSION = 1;
				ENABLE_APP_SANDBOX = YES;
				ENABLE_USER_SELECTED_FILES = readonly;
				GENERATE_INFOPLIST_FILE = YES;
				INFOPLIST_FILE = "AppKit-DSL-Demo-Info.plist";
				INFOPLIST_KEY_NSHumanReadableCopyright = "";
				INFOPLIST_KEY_NSMainStoryboardFile = Main;
				INFOPLIST_KEY_NSPrincipalClass = NSApplication;
				LD_RUNPATH_SEARCH_PATHS = (
					"$(inherited)",
					"@executable_path/../Frameworks",
				);
				MACOSX_DEPLOYMENT_TARGET = 10.13;
				MARKETING_VERSION = 1.0;
				PRODUCT_BUNDLE_IDENTIFIER = "com.dagronf.swiftdsl.AppKit-DSL-Demo";
				PRODUCT_NAME = "$(TARGET_NAME)";
				SWIFT_EMIT_LOC_STRINGS = YES;
				SWIFT_VERSION = 5.0;
			};
			name = Debug;
		};
		2304028526AF7E60002016FD /* Release */ = {
			isa = XCBuildConfiguration;
			buildSettings = {
				ALWAYS_EMBED_SWIFT_STANDARD_LIBRARIES = YES;
				ASSETCATALOG_COMPILER_APPICON_NAME = AppIcon;
				ASSETCATALOG_COMPILER_GLOBAL_ACCENT_COLOR_NAME = AccentColor;
				CODE_SIGN_STYLE = Automatic;
				COMBINE_HIDPI_IMAGES = YES;
				CURRENT_PROJECT_VERSION = 1;
				ENABLE_APP_SANDBOX = YES;
				ENABLE_USER_SELECTED_FILES = readonly;
				GENERATE_INFOPLIST_FILE = YES;
				INFOPLIST_FILE = "AppKit-DSL-Demo-Info.plist";
				INFOPLIST_KEY_NSHumanReadableCopyright = "";
				INFOPLIST_KEY_NSMainStoryboardFile = Main;
				INFOPLIST_KEY_NSPrincipalClass = NSApplication;
				LD_RUNPATH_SEARCH_PATHS = (
					"$(inherited)",
					"@executable_path/../Frameworks",
				);
				MACOSX_DEPLOYMENT_TARGET = 10.13;
				MARKETING_VERSION = 1.0;
				PRODUCT_BUNDLE_IDENTIFIER = "com.dagronf.swiftdsl.AppKit-DSL-Demo";
				PRODUCT_NAME = "$(TARGET_NAME)";
				SWIFT_EMIT_LOC_STRINGS = YES;
				SWIFT_VERSION = 5.0;
			};
			name = Release;
		};
		235CBB35298B99A500D3D4DE /* Debug */ = {
			isa = XCBuildConfiguration;
			buildSettings = {
				ASSETCATALOG_COMPILER_APPICON_NAME = AppIcon;
				ASSETCATALOG_COMPILER_GLOBAL_ACCENT_COLOR_NAME = AccentColor;
				CLANG_CXX_LANGUAGE_STANDARD = "gnu++20";
				CODE_SIGN_ENTITLEMENTS = "AppKitBuilder TestBed/AppKitBuilder_TestBed.entitlements";
				CODE_SIGN_STYLE = Automatic;
				COMBINE_HIDPI_IMAGES = YES;
				CURRENT_PROJECT_VERSION = 1;
				DEVELOPMENT_TEAM = 3L6RK3LGGW;
				ENABLE_HARDENED_RUNTIME = YES;
				GENERATE_INFOPLIST_FILE = YES;
				INFOPLIST_FILE = "AppKitBuilder TestBed/AppKitBuilder_TestBed.plist";
				INFOPLIST_KEY_NSHumanReadableCopyright = "";
				INFOPLIST_KEY_NSMainStoryboardFile = Main;
				INFOPLIST_KEY_NSPrincipalClass = NSApplication;
				LD_RUNPATH_SEARCH_PATHS = (
					"$(inherited)",
					"@executable_path/../Frameworks",
				);
				MACOSX_DEPLOYMENT_TARGET = 11.0;
				MARKETING_VERSION = 1.0;
				PRODUCT_BUNDLE_IDENTIFIER = "org.dagronf.AppKitBuilder-TestBed";
				PRODUCT_NAME = "$(TARGET_NAME)";
				SWIFT_EMIT_LOC_STRINGS = YES;
				SWIFT_VERSION = 5.0;
			};
			name = Debug;
		};
		235CBB36298B99A500D3D4DE /* Release */ = {
			isa = XCBuildConfiguration;
			buildSettings = {
				ASSETCATALOG_COMPILER_APPICON_NAME = AppIcon;
				ASSETCATALOG_COMPILER_GLOBAL_ACCENT_COLOR_NAME = AccentColor;
				CLANG_CXX_LANGUAGE_STANDARD = "gnu++20";
				CODE_SIGN_ENTITLEMENTS = "AppKitBuilder TestBed/AppKitBuilder_TestBed.entitlements";
				CODE_SIGN_STYLE = Automatic;
				COMBINE_HIDPI_IMAGES = YES;
				CURRENT_PROJECT_VERSION = 1;
				DEVELOPMENT_TEAM = 3L6RK3LGGW;
				ENABLE_HARDENED_RUNTIME = YES;
				GENERATE_INFOPLIST_FILE = YES;
				INFOPLIST_FILE = "AppKitBuilder TestBed/AppKitBuilder_TestBed.plist";
				INFOPLIST_KEY_NSHumanReadableCopyright = "";
				INFOPLIST_KEY_NSMainStoryboardFile = Main;
				INFOPLIST_KEY_NSPrincipalClass = NSApplication;
				LD_RUNPATH_SEARCH_PATHS = (
					"$(inherited)",
					"@executable_path/../Frameworks",
				);
				MACOSX_DEPLOYMENT_TARGET = 11.0;
				MARKETING_VERSION = 1.0;
				PRODUCT_BUNDLE_IDENTIFIER = "org.dagronf.AppKitBuilder-TestBed";
				PRODUCT_NAME = "$(TARGET_NAME)";
				SWIFT_EMIT_LOC_STRINGS = YES;
				SWIFT_VERSION = 5.0;
			};
			name = Release;
		};
		237E74CC282C5B7F0069846A /* Debug */ = {
			isa = XCBuildConfiguration;
			buildSettings = {
				ASSETCATALOG_COMPILER_APPICON_NAME = AppIcon;
				ASSETCATALOG_COMPILER_GLOBAL_ACCENT_COLOR_NAME = AccentColor;
				CODE_SIGN_ENTITLEMENTS = "AppKit DSF ViewController Demo/AppKit_DSF_ViewController_Demo.entitlements";
				CODE_SIGN_STYLE = Automatic;
				COMBINE_HIDPI_IMAGES = YES;
				CURRENT_PROJECT_VERSION = 1;
				DEVELOPMENT_TEAM = 3L6RK3LGGW;
				ENABLE_HARDENED_RUNTIME = YES;
				GENERATE_INFOPLIST_FILE = YES;
				INFOPLIST_FILE = "";
				INFOPLIST_KEY_NSHumanReadableCopyright = "";
				INFOPLIST_KEY_NSMainStoryboardFile = Main;
				INFOPLIST_KEY_NSPrincipalClass = NSApplication;
				LD_RUNPATH_SEARCH_PATHS = (
					"$(inherited)",
					"@executable_path/../Frameworks",
				);
				MACOSX_DEPLOYMENT_TARGET = 10.13;
				MARKETING_VERSION = 1.0;
				PRODUCT_BUNDLE_IDENTIFIER = "com.dagronf.dsfappkit.AppKit-DSF-ViewController-Demo";
				PRODUCT_NAME = "$(TARGET_NAME)";
				SWIFT_EMIT_LOC_STRINGS = YES;
				SWIFT_VERSION = 5.0;
			};
			name = Debug;
		};
		237E74CD282C5B7F0069846A /* Release */ = {
			isa = XCBuildConfiguration;
			buildSettings = {
				ASSETCATALOG_COMPILER_APPICON_NAME = AppIcon;
				ASSETCATALOG_COMPILER_GLOBAL_ACCENT_COLOR_NAME = AccentColor;
				CODE_SIGN_ENTITLEMENTS = "AppKit DSF ViewController Demo/AppKit_DSF_ViewController_Demo.entitlements";
				CODE_SIGN_STYLE = Automatic;
				COMBINE_HIDPI_IMAGES = YES;
				CURRENT_PROJECT_VERSION = 1;
				DEVELOPMENT_TEAM = 3L6RK3LGGW;
				ENABLE_HARDENED_RUNTIME = YES;
				GENERATE_INFOPLIST_FILE = YES;
				INFOPLIST_FILE = "";
				INFOPLIST_KEY_NSHumanReadableCopyright = "";
				INFOPLIST_KEY_NSMainStoryboardFile = Main;
				INFOPLIST_KEY_NSPrincipalClass = NSApplication;
				LD_RUNPATH_SEARCH_PATHS = (
					"$(inherited)",
					"@executable_path/../Frameworks",
				);
				MACOSX_DEPLOYMENT_TARGET = 10.13;
				MARKETING_VERSION = 1.0;
				PRODUCT_BUNDLE_IDENTIFIER = "com.dagronf.dsfappkit.AppKit-DSF-ViewController-Demo";
				PRODUCT_NAME = "$(TARGET_NAME)";
				SWIFT_EMIT_LOC_STRINGS = YES;
				SWIFT_VERSION = 5.0;
			};
			name = Release;
		};
		23D7C022297785FF0018CDF2 /* Debug */ = {
			isa = XCBuildConfiguration;
			buildSettings = {
				CODE_SIGN_STYLE = Automatic;
				DEVELOPMENT_TEAM = 3L6RK3LGGW;
				PRODUCT_NAME = "$(TARGET_NAME)";
			};
			name = Debug;
		};
		23D7C023297785FF0018CDF2 /* Release */ = {
			isa = XCBuildConfiguration;
			buildSettings = {
				CODE_SIGN_STYLE = Automatic;
				DEVELOPMENT_TEAM = 3L6RK3LGGW;
				PRODUCT_NAME = "$(TARGET_NAME)";
			};
			name = Release;
		};
		23F8848E2977451700ADC53D /* Debug */ = {
			isa = XCBuildConfiguration;
			buildSettings = {
				ASSETCATALOG_COMPILER_APPICON_NAME = AppIcon;
				ASSETCATALOG_COMPILER_GLOBAL_ACCENT_COLOR_NAME = AccentColor;
				CLANG_CXX_LANGUAGE_STANDARD = "gnu++20";
				CODE_SIGN_ENTITLEMENTS = "DSFAppKitBuilderView Demo/DSFAppKitBuilderView_Demo.entitlements";
				CODE_SIGN_STYLE = Automatic;
				COMBINE_HIDPI_IMAGES = YES;
				CURRENT_PROJECT_VERSION = 1;
				DEVELOPMENT_TEAM = 3L6RK3LGGW;
				ENABLE_HARDENED_RUNTIME = YES;
				GENERATE_INFOPLIST_FILE = YES;
				INFOPLIST_KEY_NSHumanReadableCopyright = "";
				INFOPLIST_KEY_NSMainStoryboardFile = Main;
				INFOPLIST_KEY_NSPrincipalClass = NSApplication;
				LD_RUNPATH_SEARCH_PATHS = (
					"$(inherited)",
					"@executable_path/../Frameworks",
				);
				MACOSX_DEPLOYMENT_TARGET = 11.0;
				MARKETING_VERSION = 1.0;
				PRODUCT_BUNDLE_IDENTIFIER = "org.dagronf.DSFAppKitBuilderView-Demo";
				PRODUCT_NAME = "$(TARGET_NAME)";
				SWIFT_EMIT_LOC_STRINGS = YES;
				SWIFT_VERSION = 5.0;
			};
			name = Debug;
		};
		23F8848F2977451700ADC53D /* Release */ = {
			isa = XCBuildConfiguration;
			buildSettings = {
				ASSETCATALOG_COMPILER_APPICON_NAME = AppIcon;
				ASSETCATALOG_COMPILER_GLOBAL_ACCENT_COLOR_NAME = AccentColor;
				CLANG_CXX_LANGUAGE_STANDARD = "gnu++20";
				CODE_SIGN_ENTITLEMENTS = "DSFAppKitBuilderView Demo/DSFAppKitBuilderView_Demo.entitlements";
				CODE_SIGN_STYLE = Automatic;
				COMBINE_HIDPI_IMAGES = YES;
				CURRENT_PROJECT_VERSION = 1;
				DEVELOPMENT_TEAM = 3L6RK3LGGW;
				ENABLE_HARDENED_RUNTIME = YES;
				GENERATE_INFOPLIST_FILE = YES;
				INFOPLIST_KEY_NSHumanReadableCopyright = "";
				INFOPLIST_KEY_NSMainStoryboardFile = Main;
				INFOPLIST_KEY_NSPrincipalClass = NSApplication;
				LD_RUNPATH_SEARCH_PATHS = (
					"$(inherited)",
					"@executable_path/../Frameworks",
				);
				MACOSX_DEPLOYMENT_TARGET = 11.0;
				MARKETING_VERSION = 1.0;
				PRODUCT_BUNDLE_IDENTIFIER = "org.dagronf.DSFAppKitBuilderView-Demo";
				PRODUCT_NAME = "$(TARGET_NAME)";
				SWIFT_EMIT_LOC_STRINGS = YES;
				SWIFT_VERSION = 5.0;
			};
			name = Release;
		};
/* End XCBuildConfiguration section */

/* Begin XCConfigurationList section */
		2304027026AF7E5F002016FD /* Build configuration list for PBXProject "AppKit DSL Demo" */ = {
			isa = XCConfigurationList;
			buildConfigurations = (
				2304028126AF7E60002016FD /* Debug */,
				2304028226AF7E60002016FD /* Release */,
			);
			defaultConfigurationIsVisible = 0;
			defaultConfigurationName = Release;
		};
		2304028326AF7E60002016FD /* Build configuration list for PBXNativeTarget "AppKit DSL Demo" */ = {
			isa = XCConfigurationList;
			buildConfigurations = (
				2304028426AF7E60002016FD /* Debug */,
				2304028526AF7E60002016FD /* Release */,
			);
			defaultConfigurationIsVisible = 0;
			defaultConfigurationName = Release;
		};
		235CBB34298B99A500D3D4DE /* Build configuration list for PBXNativeTarget "AppKitBuilder TestBed" */ = {
			isa = XCConfigurationList;
			buildConfigurations = (
				235CBB35298B99A500D3D4DE /* Debug */,
				235CBB36298B99A500D3D4DE /* Release */,
			);
			defaultConfigurationIsVisible = 0;
			defaultConfigurationName = Release;
		};
		237E74CE282C5B7F0069846A /* Build configuration list for PBXNativeTarget "AppKit DSF ViewController Demo" */ = {
			isa = XCConfigurationList;
			buildConfigurations = (
				237E74CC282C5B7F0069846A /* Debug */,
				237E74CD282C5B7F0069846A /* Release */,
			);
			defaultConfigurationIsVisible = 0;
			defaultConfigurationName = Release;
		};
		23D7C021297785FF0018CDF2 /* Build configuration list for PBXAggregateTarget "Build All Demos" */ = {
			isa = XCConfigurationList;
			buildConfigurations = (
				23D7C022297785FF0018CDF2 /* Debug */,
				23D7C023297785FF0018CDF2 /* Release */,
			);
			defaultConfigurationIsVisible = 0;
			defaultConfigurationName = Release;
		};
		23F884902977451700ADC53D /* Build configuration list for PBXNativeTarget "DSFAppKitBuilderView Demo" */ = {
			isa = XCConfigurationList;
			buildConfigurations = (
				23F8848E2977451700ADC53D /* Debug */,
				23F8848F2977451700ADC53D /* Release */,
			);
			defaultConfigurationIsVisible = 0;
			defaultConfigurationName = Release;
		};
/* End XCConfigurationList section */

/* Begin XCRemoteSwiftPackageReference section */
		237E74D5282C73040069846A /* XCRemoteSwiftPackageReference "Defaults" */ = {
			isa = XCRemoteSwiftPackageReference;
			repositoryURL = "https://github.com/sindresorhus/Defaults";
			requirement = {
				kind = upToNextMajorVersion;
				minimumVersion = 5.0.0;
			};
		};
		23FEE85829790DD900E4497D /* XCRemoteSwiftPackageReference "DSFToolbar" */ = {
			isa = XCRemoteSwiftPackageReference;
			repositoryURL = "https://github.com/dagronf/DSFToolbar";
			requirement = {
				kind = upToNextMajorVersion;
				minimumVersion = 3.0.0;
			};
		};
/* End XCRemoteSwiftPackageReference section */

/* Begin XCSwiftPackageProductDependency section */
		2314B32A26AFB816003BAA0C /* DSFAppKitBuilder */ = {
			isa = XCSwiftPackageProductDependency;
			productName = DSFAppKitBuilder;
		};
		235CBB39298B99D800D3D4DE /* DSFAppKitBuilder */ = {
			isa = XCSwiftPackageProductDependency;
			productName = DSFAppKitBuilder;
		};
		237E220429A0C7A2002F3856 /* DSFToolbar */ = {
			isa = XCSwiftPackageProductDependency;
			package = 23FEE85829790DD900E4497D /* XCRemoteSwiftPackageReference "DSFToolbar" */;
			productName = DSFToolbar;
		};
		237E74CF282C5BA30069846A /* DSFAppKitBuilder */ = {
			isa = XCSwiftPackageProductDependency;
			productName = DSFAppKitBuilder;
		};
		237E74D6282C73040069846A /* Defaults */ = {
			isa = XCSwiftPackageProductDependency;
			package = 237E74D5282C73040069846A /* XCRemoteSwiftPackageReference "Defaults" */;
			productName = Defaults;
		};
		23F88491297745DD00ADC53D /* DSFAppKitBuilder */ = {
			isa = XCSwiftPackageProductDependency;
			productName = DSFAppKitBuilder;
		};
		23FEE85929790DD900E4497D /* DSFToolbar */ = {
			isa = XCSwiftPackageProductDependency;
			package = 23FEE85829790DD900E4497D /* XCRemoteSwiftPackageReference "DSFToolbar" */;
			productName = DSFToolbar;
		};
		23FEE85B29790E0000E4497D /* DSFToolbar */ = {
			isa = XCSwiftPackageProductDependency;
			package = 23FEE85829790DD900E4497D /* XCRemoteSwiftPackageReference "DSFToolbar" */;
			productName = DSFToolbar;
		};
/* End XCSwiftPackageProductDependency section */
	};
	rootObject = 2304026D26AF7E5F002016FD /* Project object */;
}
