{
  "object": {
    "pins": [
      {
        "package": "AppKitFocusOverlay",
        "repositoryURL": "https://github.com/dagronf/AppKitFocusOverlay",
        "state": {
          "branch": null,
          "revision": "08eeaff0eedd0c32b5001f77a57855292c658b55",
          "version": "2.0.0"
        }
      },
      {
        "package": "Defaults",
        "repositoryURL": "https://github.com/sindresorhus/Defaults",
        "state": {
          "branch": null,
          "revision": "63d93f97ad545c8bceb125a8a36175ea705f7cf5",
          "version": "5.0.0"
        }
      },
      {
        "package": "DSFAppearanceManager",
        "repositoryURL": "https://github.com/dagronf/DSFAppearanceManager",
        "state": {
          "branch": null,
          "revision": "e9add5fdf05fe50950d105c77963b7373ddb5ad4",
          "version": "3.5.1"
        }
      },
      {
        "package": "DSFComboButton",
        "repositoryURL": "https://github.com/dagronf/DSFComboButton",
        "state": {
          "branch": null,
          "revision": "675b8c13e0db5a759a6b757b09f7e18768830f29",
          "version": "1.0.0"
        }
      },
      {
        "package": "DSFMenuBuilder",
        "repositoryURL": "https://github.com/dagronf/DSFMenuBuilder",
        "state": {
          "branch": null,
          "revision": "7f8f8ee0c5fb7ee6c06d057cd5ada0f99e3d3190",
          "version": "1.2.1"
        }
      },
      {
        "package": "DSFPagerControl",
        "repositoryURL": "https://github.com/dagronf/DSFPagerControl",
        "state": {
          "branch": null,
          "revision": "9da3ea3712fec487ed496bd3905b8c01754a7921",
          "version": "2.5.2"
        }
      },
      {
        "package": "DSFSearchField",
        "repositoryURL": "https://github.com/dagronf/DSFSearchField",
        "state": {
          "branch": null,
          "revision": "8f118439e1e74b3afb8dc8cbdc049d7979aa045e",
          "version": "2.2.2"
        }
      },
      {
        "package": "DSFStepperView",
        "repositoryURL": "https://github.com/dagronf/DSFStepperView",
        "state": {
          "branch": null,
          "revision": "9db5b3ab9981d6604c24e9f162a8eb21b0061baf",
          "version": "4.3.0"
        }
      },
      {
        "package": "DSFToggleButton",
        "repositoryURL": "https://github.com/dagronf/DSFToggleButton",
        "state": {
          "branch": null,
          "revision": "434fab25cde1d9876350107a5edb1825a8e29fda",
          "version": "7.1.0"
        }
      },
      {
        "package": "DSFToolbar",
        "repositoryURL": "https://github.com/dagronf/DSFToolbar",
        "state": {
          "branch": null,
          "revision": "f486eb1e532d77fd2a9c9eb21f3e90a0b092ba45",
          "version": "5.1.0"
        }
      },
      {
        "package": "DSFValueBinders",
        "repositoryURL": "https://github.com/dagronf/DSFValueBinders",
        "state": {
          "branch": null,
          "revision": "8bbcacda087d1f0da384c8ad2fda061faabda3f1",
          "version": "1.0.1"
        }
      },
      {
        "package": "HotKey",
        "repositoryURL": "https://github.com/dagronf/HotKey",
        "state": {
          "branch": null,
          "revision": "31234dfbb4330b90ee10d89fbacb77316781cc06",
          "version": "0.2.0"
        }
      }
    ]
  },
  "version": 1
}
