{
  "object": {
    "pins": [
      {
        "package": "AppKitFocusOverlay",
        "repositoryURL": "https://github.com/dagronf/AppKitFocusOverlay",
        "state": {
          "branch": null,
          "revision": "a594d2c545166d7902aa1c4d60ecfec12c465dc2",
          "version": "0.7.0"
        }
      },
      {
        "package": "Defaults",
        "repositoryURL": "https://github.com/sindresorhus/Defaults",
        "state": {
          "branch": null,
          "revision": "63d93f97ad545c8bceb125a8a36175ea705f7cf5",
          "version": "5.0.0"
        }
      },
      {
        "package": "DSFAppearanceManager",
        "repositoryURL": "https://github.com/dagronf/DSFAppearanceManager",
        "state": {
          "branch": null,
          "revision": "676cfd4e6aaa3cf6422990734c22544373db5c1a",
          "version": "3.3.0"
        }
      },
      {
        "package": "DSFComboButton",
        "repositoryURL": "https://github.com/dagronf/DSFComboButton",
        "state": {
          "branch": null,
          "revision": "675b8c13e0db5a759a6b757b09f7e18768830f29",
          "version": "1.0.0"
        }
      },
      {
        "package": "DSFMenuBuilder",
        "repositoryURL": "https://github.com/dagronf/DSFMenuBuilder",
        "state": {
          "branch": null,
          "revision": "7f8f8ee0c5fb7ee6c06d057cd5ada0f99e3d3190",
          "version": "1.2.1"
        }
      },
      {
        "package": "DSFPagerControl",
        "repositoryURL": "https://github.com/dagronf/DSFPagerControl",
        "state": {
          "branch": null,
          "revision": "9fce788ab0d05d51999f39a03121f759a025c7f0",
          "version": "2.2.0"
        }
      },
      {
        "package": "DSFSearchField",
        "repositoryURL": "https://github.com/dagronf/DSFSearchField",
        "state": {
          "branch": null,
          "revision": "d2dac5e143a8e5ce49f9f12412932684072089ba",
          "version": "2.0.0"
        }
      },
      {
        "package": "DSFStepperView",
        "repositoryURL": "https://github.com/dagronf/DSFStepperView",
        "state": {
          "branch": null,
          "revision": "d81b22a217b1ae0a1acb6c025fcbfdbf7bd6ad2e",
          "version": "4.0.0"
        }
      },
      {
        "package": "DSFToggleButton",
        "repositoryURL": "https://github.com/dagronf/DSFToggleButton",
        "state": {
          "branch": null,
          "revision": "4d7b97d0412c6ce5371fe74686ffa9383360731b",
          "version": "7.0.3"
        }
      },
      {
        "package": "DSFToolbar",
        "repositoryURL": "https://github.com/dagronf/DSFToolbar",
        "state": {
          "branch": null,
          "revision": "124102478525079c24cd22ab6ec44d80c3174154",
          "version": "3.2.2"
        }
      },
      {
        "package": "DSFValueBinders",
        "repositoryURL": "https://github.com/dagronf/DSFValueBinders",
        "state": {
          "branch": null,
          "revision": "e8aaed8ce422459dcdd9e2d6fa1da8a84053bdc5",
          "version": "0.20.0"
        }
      },
      {
        "package": "HotKey",
        "repositoryURL": "https://github.com/dagronf/HotKey",
        "state": {
          "branch": null,
          "revision": "c13662730cb5bc28de4a799854bbb018a90649bf",
          "version": "0.1.3"
        }
      }
    ]
  },
  "version": 1
}
